
Microsoft Visual Studio Solution File, Format Version 12.00
# Visual Studio Version 17
VisualStudioVersion = 17.13.35806.99 d17.13
MinimumVisualStudioVersion = 10.0.40219.1
Project("{FAE04EC0-301F-11D3-BF4B-00C04F79EFBC}") = "Parcial1", "Parcial1\Parcial1.csproj", "{49BF5620-36DF-4DD1-B314-24653C459D02}"
EndProject
Global
	GlobalSection(SolutionConfigurationPlatforms) = preSolution
		Debug|Any CPU = Debug|Any CPU
		Release|Any CPU = Release|Any CPU
	EndGlobalSection
	GlobalSection(ProjectConfigurationPlatforms) = postSolution
		{49BF5620-36DF-4DD1-B314-24653C459D02}.Debug|Any CPU.ActiveCfg = Debug|Any CPU
		{49BF5620-36DF-4DD1-B314-24653C459D02}.Debug|Any CPU.Build.0 = Debug|Any CPU
		{49BF5620-36DF-4DD1-B314-24653C459D02}.Release|Any CPU.ActiveCfg = Release|Any CPU
		{49BF5620-36DF-4DD1-B314-24653C459D02}.Release|Any CPU.Build.0 = Release|Any CPU
	EndGlobalSection
	GlobalSection(SolutionProperties) = preSolution
		HideSolutionNode = FALSE
	EndGlobalSection
	GlobalSection(ExtensibilityGlobals) = postSolution
		SolutionGuid = {900B0758-BAD7-40F5-BD69-EDB1C63C8DA2}
	EndGlobalSection
EndGlobal
